// !$*UTF8*$!
{
	archiveVersion = 1;
	classes = {
	};
	objectVersion = 77;
	objects = {

/* Begin PBXContainerItemProxy section */
		A8AEF0052CE4858E00A3557D /* PBXContainerItemProxy */ = {
			isa = PBXContainerItemProxy;
			containerPortal = A8AEEFEC2CE4858C00A3557D /* Project object */;
			proxyType = 1;
			remoteGlobalIDString = A8AEEFF32CE4858C00A3557D;
			remoteInfo = InstagramCloneApp;
		};
		A8AEF00F2CE4858E00A3557D /* PBXContainerItemProxy */ = {
			isa = PBXContainerItemProxy;
			containerPortal = A8AEEFEC2CE4858C00A3557D /* Project object */;
			proxyType = 1;
			remoteGlobalIDString = A8AEEFF32CE4858C00A3557D;
			remoteInfo = InstagramCloneApp;
		};
/* End PBXContainerItemProxy section */

/* Begin PBXFileReference section */
		A8AEEFF42CE4858C00A3557D /* InstagramCloneApp.app */ = {isa = PBXFileReference; explicitFileType = wrapper.application; includeInIndex = 0; path = InstagramCloneApp.app; sourceTree = BUILT_PRODUCTS_DIR; };
		A8AEF0042CE4858E00A3557D /* InstagramCloneAppTests.xctest */ = {isa = PBXFileReference; explicitFileType = wrapper.cfbundle; includeInIndex = 0; path = InstagramCloneAppTests.xctest; sourceTree = BUILT_PRODUCTS_DIR; };
		A8AEF00E2CE4858E00A3557D /* InstagramCloneAppUITests.xctest */ = {isa = PBXFileReference; explicitFileType = wrapper.cfbundle; includeInIndex = 0; path = InstagramCloneAppUITests.xctest; sourceTree = BUILT_PRODUCTS_DIR; };
/* End PBXFileReference section */

/* Begin PBXFileSystemSynchronizedRootGroup section */
		A8AEEFF62CE4858C00A3557D /* InstagramCloneApp */ = {
			isa = PBXFileSystemSynchronizedRootGroup;
			path = InstagramCloneApp;
			sourceTree = "<group>";
		};
		A8AEF0072CE4858E00A3557D /* InstagramCloneAppTests */ = {
			isa = PBXFileSystemSynchronizedRootGroup;
			path = InstagramCloneAppTests;
			sourceTree = "<group>";
		};
		A8AEF0112CE4858E00A3557D /* InstagramCloneAppUITests */ = {
			isa = PBXFileSystemSynchronizedRootGroup;
			path = InstagramCloneAppUITests;
			sourceTree = "<group>";
		};
/* End PBXFileSystemSynchronizedRootGroup section */

/* Begin PBXFrameworksBuildPhase section */
		A8AEEFF12CE4858C00A3557D /* Frameworks */ = {
			isa = PBXFrameworksBuildPhase;
			buildActionMask = 2147483647;
			files = (
			);
			runOnlyForDeploymentPostprocessing = 0;
		};
		A8AEF0012CE4858E00A3557D /* Frameworks */ = {
			isa = PBXFrameworksBuildPhase;
			buildActionMask = 2147483647;
			files = (
			);
			runOnlyForDeploymentPostprocessing = 0;
		};
		A8AEF00B2CE4858E00A3557D /* Frameworks */ = {
			isa = PBXFrameworksBuildPhase;
			buildActionMask = 2147483647;
			files = (
			);
			runOnlyForDeploymentPostprocessing = 0;
		};
/* End PBXFrameworksBuildPhase section */

/* Begin PBXGroup section */
		A8AEEFEB2CE4858C00A3557D = {
			isa = PBXGroup;
			children = (
				A8AEEFF62CE4858C00A3557D /* InstagramCloneApp */,
				A8AEF0072CE4858E00A3557D /* InstagramCloneAppTests */,
				A8AEF0112CE4858E00A3557D /* InstagramCloneAppUITests */,
				A8AEEFF52CE4858C00A3557D /* Products */,
			);
			sourceTree = "<group>";
		};
		A8AEEFF52CE4858C00A3557D /* Products */ = {
			isa = PBXGroup;
			children = (
				A8AEEFF42CE4858C00A3557D /* InstagramCloneApp.app */,
				A8AEF0042CE4858E00A3557D /* InstagramCloneAppTests.xctest */,
				A8AEF00E2CE4858E00A3557D /* InstagramCloneAppUITests.xctest */,
			);
			name = Products;
			sourceTree = "<group>";
		};
/* End PBXGroup section */

/* Begin PBXNativeTarget section */
		A8AEEFF32CE4858C00A3557D /* InstagramCloneApp */ = {
			isa = PBXNativeTarget;
			buildConfigurationList = A8AEF0182CE4858E00A3557D /* Build configuration list for PBXNativeTarget "InstagramCloneApp" */;
			buildPhases = (
				A8AEEFF02CE4858C00A3557D /* Sources */,
				A8AEEFF12CE4858C00A3557D /* Frameworks */,
				A8AEEFF22CE4858C00A3557D /* Resources */,
			);
			buildRules = (
			);
			dependencies = (
			);
			fileSystemSynchronizedGroups = (
				A8AEEFF62CE4858C00A3557D /* InstagramCloneApp */,
			);
			name = InstagramCloneApp;
			packageProductDependencies = (
			);
			productName = InstagramCloneApp;
			productReference = A8AEEFF42CE4858C00A3557D /* InstagramCloneApp.app */;
			productType = "com.apple.product-type.application";
		};
		A8AEF0032CE4858E00A3557D /* InstagramCloneAppTests */ = {
			isa = PBXNativeTarget;
			buildConfigurationList = A8AEF01B2CE4858E00A3557D /* Build configuration list for PBXNativeTarget "InstagramCloneAppTests" */;
			buildPhases = (
				A8AEF0002CE4858E00A3557D /* Sources */,
				A8AEF0012CE4858E00A3557D /* Frameworks */,
				A8AEF0022CE4858E00A3557D /* Resources */,
			);
			buildRules = (
			);
			dependencies = (
				A8AEF0062CE4858E00A3557D /* PBXTargetDependency */,
			);
			fileSystemSynchronizedGroups = (
				A8AEF0072CE4858E00A3557D /* InstagramCloneAppTests */,
			);
			name = InstagramCloneAppTests;
			packageProductDependencies = (
			);
			productName = InstagramCloneAppTests;
			productReference = A8AEF0042CE4858E00A3557D /* InstagramCloneAppTests.xctest */;
			productType = "com.apple.product-type.bundle.unit-test";
		};
		A8AEF00D2CE4858E00A3557D /* InstagramCloneAppUITests */ = {
			isa = PBXNativeTarget;
			buildConfigurationList = A8AEF01E2CE4858E00A3557D /* Build configuration list for PBXNativeTarget "InstagramCloneAppUITests" */;
			buildPhases = (
				A8AEF00A2CE4858E00A3557D /* Sources */,
				A8AEF00B2CE4858E00A3557D /* Frameworks */,
				A8AEF00C2CE4858E00A3557D /* Resources */,
			);
			buildRules = (
			);
			dependencies = (
				A8AEF0102CE4858E00A3557D /* PBXTargetDependency */,
			);
			fileSystemSynchronizedGroups = (
				A8AEF0112CE4858E00A3557D /* InstagramCloneAppUITests */,
			);
			name = InstagramCloneAppUITests;
			packageProductDependencies = (
			);
			productName = InstagramCloneAppUITests;
			productReference = A8AEF00E2CE4858E00A3557D /* InstagramCloneAppUITests.xctest */;
			productType = "com.apple.product-type.bundle.ui-testing";
		};
/* End PBXNativeTarget section */

/* Begin PBXProject section */
		A8AEEFEC2CE4858C00A3557D /* Project object */ = {
			isa = PBXProject;
			attributes = {
				BuildIndependentTargetsInParallel = 1;
				LastSwiftUpdateCheck = 1600;
				LastUpgradeCheck = 1600;
				TargetAttributes = {
					A8AEEFF32CE4858C00A3557D = {
						CreatedOnToolsVersion = 16.0;
					};
					A8AEF0032CE4858E00A3557D = {
						CreatedOnToolsVersion = 16.0;
						TestTargetID = A8AEEFF32CE4858C00A3557D;
					};
					A8AEF00D2CE4858E00A3557D = {
						CreatedOnToolsVersion = 16.0;
						TestTargetID = A8AEEFF32CE4858C00A3557D;
					};
				};
			};
			buildConfigurationList = A8AEEFEF2CE4858C00A3557D /* Build configuration list for PBXProject "InstagramCloneApp" */;
			developmentRegion = en;
			hasScannedForEncodings = 0;
			knownRegions = (
				en,
				Base,
			);
			mainGroup = A8AEEFEB2CE4858C00A3557D;
			minimizedProjectReferenceProxies = 1;
			preferredProjectObjectVersion = 77;
			productRefGroup = A8AEEFF52CE4858C00A3557D /* Products */;
			projectDirPath = "";
			projectRoot = "";
			targets = (
				A8AEEFF32CE4858C00A3557D /* InstagramCloneApp */,
				A8AEF0032CE4858E00A3557D /* InstagramCloneAppTests */,
				A8AEF00D2CE4858E00A3557D /* InstagramCloneAppUITests */,
			);
		};
/* End PBXProject section */

/* Begin PBXResourcesBuildPhase section */
		A8AEEFF22CE4858C00A3557D /* Resources */ = {
			isa = PBXResourcesBuildPhase;
			buildActionMask = 2147483647;
			files = (
			);
			runOnlyForDeploymentPostprocessing = 0;
		};
		A8AEF0022CE4858E00A3557D /* Resources */ = {
			isa = PBXResourcesBuildPhase;
			buildActionMask = 2147483647;
			files = (
			);
			runOnlyForDeploymentPostprocessing = 0;
		};
		A8AEF00C2CE4858E00A3557D /* Resources */ = {
			isa = PBXResourcesBuildPhase;
			buildActionMask = 2147483647;
			files = (
			);
			runOnlyForDeploymentPostprocessing = 0;
		};
/* End PBXResourcesBuildPhase section */

/* Begin PBXSourcesBuildPhase section */
		A8AEEFF02CE4858C00A3557D /* Sources */ = {
			isa = PBXSourcesBuildPhase;
			buildActionMask = 2147483647;
			files = (
			);
			runOnlyForDeploymentPostprocessing = 0;
		};
		A8AEF0002CE4858E00A3557D /* Sources */ = {
			isa = PBXSourcesBuildPhase;
			buildActionMask = 2147483647;
			files = (
			);
			runOnlyForDeploymentPostprocessing = 0;
		};
		A8AEF00A2CE4858E00A3557D /* Sources */ = {
			isa = PBXSourcesBuildPhase;
			buildActionMask = 2147483647;
			files = (
			);
			runOnlyForDeploymentPostprocessing = 0;
		};
/* End PBXSourcesBuildPhase section */

/* Begin PBXTargetDependency section */
		A8AEF0062CE4858E00A3557D /* PBXTargetDependency */ = {
			isa = PBXTargetDependency;
			target = A8AEEFF32CE4858C00A3557D /* InstagramCloneApp */;
			targetProxy = A8AEF0052CE4858E00A3557D /* PBXContainerItemProxy */;
		};
		A8AEF0102CE4858E00A3557D /* PBXTargetDependency */ = {
			isa = PBXTargetDependency;
			target = A8AEEFF32CE4858C00A3557D /* InstagramCloneApp */;
			targetProxy = A8AEF00F2CE4858E00A3557D /* PBXContainerItemProxy */;
		};
/* End PBXTargetDependency section */

/* Begin XCBuildConfiguration section */
		A8AEF0162CE4858E00A3557D /* Debug */ = {
			isa = XCBuildConfiguration;
			buildSettings = {
				ALWAYS_SEARCH_USER_PATHS = NO;
				ASSETCATALOG_COMPILER_GENERATE_SWIFT_ASSET_SYMBOL_EXTENSIONS = YES;
				CLANG_ANALYZER_NONNULL = YES;
				CLANG_ANALYZER_NUMBER_OBJECT_CONVERSION = YES_AGGRESSIVE;
				CLANG_CXX_LANGUAGE_STANDARD = "gnu++20";
				CLANG_ENABLE_MODULES = YES;
				CLANG_ENABLE_OBJC_ARC = YES;
				CLANG_ENABLE_OBJC_WEAK = YES;
				CLANG_WARN_BLOCK_CAPTURE_AUTORELEASING = YES;
				CLANG_WARN_BOOL_CONVERSION = YES;
				CLANG_WARN_COMMA = YES;
				CLANG_WARN_CONSTANT_CONVERSION = YES;
				CLANG_WARN_DEPRECATED_OBJC_IMPLEMENTATIONS = YES;
				CLANG_WARN_DIRECT_OBJC_ISA_USAGE = YES_ERROR;
				CLANG_WARN_DOCUMENTATION_COMMENTS = YES;
				CLANG_WARN_EMPTY_BODY = YES;
				CLANG_WARN_ENUM_CONVERSION = YES;
				CLANG_WARN_INFINITE_RECURSION = YES;
				CLANG_WARN_INT_CONVERSION = YES;
				CLANG_WARN_NON_LITERAL_NULL_CONVERSION = YES;
				CLANG_WARN_OBJC_IMPLICIT_RETAIN_SELF = YES;
				CLANG_WARN_OBJC_LITERAL_CONVERSION = YES;
				CLANG_WARN_OBJC_ROOT_CLASS = YES_ERROR;
				CLANG_WARN_QUOTED_INCLUDE_IN_FRAMEWORK_HEADER = YES;
				CLANG_WARN_RANGE_LOOP_ANALYSIS = YES;
				CLANG_WARN_STRICT_PROTOTYPES = YES;
				CLANG_WARN_SUSPICIOUS_MOVE = YES;
				CLANG_WARN_UNGUARDED_AVAILABILITY = YES_AGGRESSIVE;
				CLANG_WARN_UNREACHABLE_CODE = YES;
				CLANG_WARN__DUPLICATE_METHOD_MATCH = YES;
				COPY_PHASE_STRIP = NO;
				DEBUG_INFORMATION_FORMAT = dwarf;
				ENABLE_STRICT_OBJC_MSGSEND = YES;
				ENABLE_TESTABILITY = YES;
				ENABLE_USER_SCRIPT_SANDBOXING = YES;
				GCC_C_LANGUAGE_STANDARD = gnu17;
				GCC_DYNAMIC_NO_PIC = NO;
				GCC_NO_COMMON_BLOCKS = YES;
				GCC_OPTIMIZATION_LEVEL = 0;
				GCC_PREPROCESSOR_DEFINITIONS = (
					"DEBUG=1",
					"$(inherited)",
				);
				GCC_WARN_64_TO_32_BIT_CONVERSION = YES;
				GCC_WARN_ABOUT_RETURN_TYPE = YES_ERROR;
				GCC_WARN_UNDECLARED_SELECTOR = YES;
				GCC_WARN_UNINITIALIZED_AUTOS = YES_AGGRESSIVE;
				GCC_WARN_UNUSED_FUNCTION = YES;
				GCC_WARN_UNUSED_VARIABLE = YES;
				IPHONEOS_DEPLOYMENT_TARGET = 18.0;
				LOCALIZATION_PREFERS_STRING_CATALOGS = YES;
				MTL_ENABLE_DEBUG_INFO = INCLUDE_SOURCE;
				MTL_FAST_MATH = YES;
				ONLY_ACTIVE_ARCH = YES;
				SDKROOT = iphoneos;
				SWIFT_ACTIVE_COMPILATION_CONDITIONS = "DEBUG $(inherited)";
				SWIFT_OPTIMIZATION_LEVEL = "-Onone";
			};
			name = Debug;
		};
		A8AEF0172CE4858E00A3557D /* Release */ = {
			isa = XCBuildConfiguration;
			buildSettings = {
				ALWAYS_SEARCH_USER_PATHS = NO;
				ASSETCATALOG_COMPILER_GENERATE_SWIFT_ASSET_SYMBOL_EXTENSIONS = YES;
				CLANG_ANALYZER_NONNULL = YES;
				CLANG_ANALYZER_NUMBER_OBJECT_CONVERSION = YES_AGGRESSIVE;
				CLANG_CXX_LANGUAGE_STANDARD = "gnu++20";
				CLANG_ENABLE_MODULES = YES;
				CLANG_ENABLE_OBJC_ARC = YES;
				CLANG_ENABLE_OBJC_WEAK = YES;
				CLANG_WARN_BLOCK_CAPTURE_AUTORELEASING = YES;
				CLANG_WARN_BOOL_CONVERSION = YES;
				CLANG_WARN_COMMA = YES;
				CLANG_WARN_CONSTANT_CONVERSION = YES;
				CLANG_WARN_DEPRECATED_OBJC_IMPLEMENTATIONS = YES;
				CLANG_WARN_DIRECT_OBJC_ISA_USAGE = YES_ERROR;
				CLANG_WARN_DOCUMENTATION_COMMENTS = YES;
				CLANG_WARN_EMPTY_BODY = YES;
				CLANG_WARN_ENUM_CONVERSION = YES;
				CLANG_WARN_INFINITE_RECURSION = YES;
				CLANG_WARN_INT_CONVERSION = YES;
				CLANG_WARN_NON_LITERAL_NULL_CONVERSION = YES;
				CLANG_WARN_OBJC_IMPLICIT_RETAIN_SELF = YES;
				CLANG_WARN_OBJC_LITERAL_CONVERSION = YES;
				CLANG_WARN_OBJC_ROOT_CLASS = YES_ERROR;
				CLANG_WARN_QUOTED_INCLUDE_IN_FRAMEWORK_HEADER = YES;
				CLANG_WARN_RANGE_LOOP_ANALYSIS = YES;
				CLANG_WARN_STRICT_PROTOTYPES = YES;
				CLANG_WARN_SUSPICIOUS_MOVE = YES;
				CLANG_WARN_UNGUARDED_AVAILABILITY = YES_AGGRESSIVE;
				CLANG_WARN_UNREACHABLE_CODE = YES;
				CLANG_WARN__DUPLICATE_METHOD_MATCH = YES;
				COPY_PHASE_STRIP = NO;
				DEBUG_INFORMATION_FORMAT = "dwarf-with-dsym";
				ENABLE_NS_ASSERTIONS = NO;
				ENABLE_STRICT_OBJC_MSGSEND = YES;
				ENABLE_USER_SCRIPT_SANDBOXING = YES;
				GCC_C_LANGUAGE_STANDARD = gnu17;
				GCC_NO_COMMON_BLOCKS = YES;
				GCC_WARN_64_TO_32_BIT_CONVERSION = YES;
				GCC_WARN_ABOUT_RETURN_TYPE = YES_ERROR;
				GCC_WARN_UNDECLARED_SELECTOR = YES;
				GCC_WARN_UNINITIALIZED_AUTOS = YES_AGGRESSIVE;
				GCC_WARN_UNUSED_FUNCTION = YES;
				GCC_WARN_UNUSED_VARIABLE = YES;
				IPHONEOS_DEPLOYMENT_TARGET = 18.0;
				LOCALIZATION_PREFERS_STRING_CATALOGS = YES;
				MTL_ENABLE_DEBUG_INFO = NO;
				MTL_FAST_MATH = YES;
				SDKROOT = iphoneos;
				SWIFT_COMPILATION_MODE = wholemodule;
				VALIDATE_PRODUCT = YES;
			};
			name = Release;
		};
		A8AEF0192CE4858E00A3557D /* Debug */ = {
			isa = XCBuildConfiguration;
			buildSettings = {
				ASSETCATALOG_COMPILER_APPICON_NAME = AppIcon;
				ASSETCATALOG_COMPILER_GLOBAL_ACCENT_COLOR_NAME = AccentColor;
				CODE_SIGN_STYLE = Automatic;
				CURRENT_PROJECT_VERSION = 1;
				DEVELOPMENT_ASSET_PATHS = "\"InstagramCloneApp/Preview Content\"";
				ENABLE_PREVIEWS = YES;
				GENERATE_INFOPLIST_FILE = YES;
				INFOPLIST_KEY_UIApplicationSceneManifest_Generation = YES;
				INFOPLIST_KEY_UIApplicationSupportsIndirectInputEvents = YES;
				INFOPLIST_KEY_UILaunchScreen_Generation = YES;
				INFOPLIST_KEY_UISupportedInterfaceOrientations_iPad = "UIInterfaceOrientationPortrait UIInterfaceOrientationPortraitUpsideDown UIInterfaceOrientationLandscapeLeft UIInterfaceOrientationLandscapeRight";
				INFOPLIST_KEY_UISupportedInterfaceOrientations_iPhone = "UIInterfaceOrientationPortrait UIInterfaceOrientationLandscapeLeft UIInterfaceOrientationLandscapeRight";
				LD_RUNPATH_SEARCH_PATHS = (
					"$(inherited)",
					"@executable_path/Frameworks",
				);
				MARKETING_VERSION = 1.0;
				PRODUCT_BUNDLE_IDENTIFIER = com.byteshift.InstagramCloneApp;
				PRODUCT_NAME = "$(TARGET_NAME)";
				SWIFT_EMIT_LOC_STRINGS = YES;
				SWIFT_VERSION = 5.0;
				TARGETED_DEVICE_FAMILY = "1,2";
			};
			name = Debug;
		};
		A8AEF01A2CE4858E00A3557D /* Release */ = {
			isa = XCBuildConfiguration;
			buildSettings = {
				ASSETCATALOG_COMPILER_APPICON_NAME = AppIcon;
				ASSETCATALOG_COMPILER_GLOBAL_ACCENT_COLOR_NAME = AccentColor;
				CODE_SIGN_STYLE = Automatic;
				CURRENT_PROJECT_VERSION = 1;
				DEVELOPMENT_ASSET_PATHS = "\"InstagramCloneApp/Preview Content\"";
				ENABLE_PREVIEWS = YES;
				GENERATE_INFOPLIST_FILE = YES;
				INFOPLIST_KEY_UIApplicationSceneManifest_Generation = YES;
				INFOPLIST_KEY_UIApplicationSupportsIndirectInputEvents = YES;
				INFOPLIST_KEY_UILaunchScreen_Generation = YES;
				INFOPLIST_KEY_UISupportedInterfaceOrientations_iPad = "UIInterfaceOrientationPortrait UIInterfaceOrientationPortraitUpsideDown UIInterfaceOrientationLandscapeLeft UIInterfaceOrientationLandscapeRight";
				INFOPLIST_KEY_UISupportedInterfaceOrientations_iPhone = "UIInterfaceOrientationPortrait UIInterfaceOrientationLandscapeLeft UIInterfaceOrientationLandscapeRight";
				LD_RUNPATH_SEARCH_PATHS = (
					"$(inherited)",
					"@executable_path/Frameworks",
				);
				MARKETING_VERSION = 1.0;
				PRODUCT_BUNDLE_IDENTIFIER = com.byteshift.InstagramCloneApp;
				PRODUCT_NAME = "$(TARGET_NAME)";
				SWIFT_EMIT_LOC_STRINGS = YES;
				SWIFT_VERSION = 5.0;
				TARGETED_DEVICE_FAMILY = "1,2";
			};
			name = Release;
		};
		A8AEF01C2CE4858E00A3557D /* Debug */ = {
			isa = XCBuildConfiguration;
			buildSettings = {
				BUNDLE_LOADER = "$(TEST_HOST)";
				CODE_SIGN_STYLE = Automatic;
				CURRENT_PROJECT_VERSION = 1;
				GENERATE_INFOPLIST_FILE = YES;
				IPHONEOS_DEPLOYMENT_TARGET = 18.0;
				MARKETING_VERSION = 1.0;
				PRODUCT_BUNDLE_IDENTIFIER = com.byteshift.InstagramCloneAppTests;
				PRODUCT_NAME = "$(TARGET_NAME)";
				SWIFT_EMIT_LOC_STRINGS = NO;
				SWIFT_VERSION = 5.0;
				TARGETED_DEVICE_FAMILY = "1,2";
				TEST_HOST = "$(BUILT_PRODUCTS_DIR)/InstagramCloneApp.app/$(BUNDLE_EXECUTABLE_FOLDER_PATH)/InstagramCloneApp";
			};
			name = Debug;
		};
		A8AEF01D2CE4858E00A3557D /* Release */ = {
			isa = XCBuildConfiguration;
			buildSettings = {
				BUNDLE_LOADER = "$(TEST_HOST)";
				CODE_SIGN_STYLE = Automatic;
				CURRENT_PROJECT_VERSION = 1;
				GENERATE_INFOPLIST_FILE = YES;
				IPHONEOS_DEPLOYMENT_TARGET = 18.0;
				MARKETING_VERSION = 1.0;
				PRODUCT_BUNDLE_IDENTIFIER = com.byteshift.InstagramCloneAppTests;
				PRODUCT_NAME = "$(TARGET_NAME)";
				SWIFT_EMIT_LOC_STRINGS = NO;
				SWIFT_VERSION = 5.0;
				TARGETED_DEVICE_FAMILY = "1,2";
				TEST_HOST = "$(BUILT_PRODUCTS_DIR)/InstagramCloneApp.app/$(BUNDLE_EXECUTABLE_FOLDER_PATH)/InstagramCloneApp";
			};
			name = Release;
		};
		A8AEF01F2CE4858E00A3557D /* Debug */ = {
			isa = XCBuildConfiguration;
			buildSettings = {
				CODE_SIGN_STYLE = Automatic;
				CURRENT_PROJECT_VERSION = 1;
				GENERATE_INFOPLIST_FILE = YES;
				MARKETING_VERSION = 1.0;
				PRODUCT_BUNDLE_IDENTIFIER = com.byteshift.InstagramCloneAppUITests;
				PRODUCT_NAME = "$(TARGET_NAME)";
				SWIFT_EMIT_LOC_STRINGS = NO;
				SWIFT_VERSION = 5.0;
				TARGETED_DEVICE_FAMILY = "1,2";
				TEST_TARGET_NAME = InstagramCloneApp;
			};
			name = Debug;
		};
		A8AEF0202CE4858E00A3557D /* Release */ = {
			isa = XCBuildConfiguration;
			buildSettings = {
				CODE_SIGN_STYLE = Automatic;
				CURRENT_PROJECT_VERSION = 1;
				GENERATE_INFOPLIST_FILE = YES;
				MARKETING_VERSION = 1.0;
				PRODUCT_BUNDLE_IDENTIFIER = com.byteshift.InstagramCloneAppUITests;
				PRODUCT_NAME = "$(TARGET_NAME)";
				SWIFT_EMIT_LOC_STRINGS = NO;
				SWIFT_VERSION = 5.0;
				TARGETED_DEVICE_FAMILY = "1,2";
				TEST_TARGET_NAME = InstagramCloneApp;
			};
			name = Release;
		};
/* End XCBuildConfiguration section */

/* Begin XCConfigurationList section */
		A8AEEFEF2CE4858C00A3557D /* Build configuration list for PBXProject "InstagramCloneApp" */ = {
			isa = XCConfigurationList;
			buildConfigurations = (
				A8AEF0162CE4858E00A3557D /* Debug */,
				A8AEF0172CE4858E00A3557D /* Release */,
			);
			defaultConfigurationIsVisible = 0;
			defaultConfigurationName = Release;
		};
		A8AEF0182CE4858E00A3557D /* Build configuration list for PBXNativeTarget "InstagramCloneApp" */ = {
			isa = XCConfigurationList;
			buildConfigurations = (
				A8AEF0192CE4858E00A3557D /* Debug */,
				A8AEF01A2CE4858E00A3557D /* Release */,
			);
			defaultConfigurationIsVisible = 0;
			defaultConfigurationName = Release;
		};
		A8AEF01B2CE4858E00A3557D /* Build configuration list for PBXNativeTarget "InstagramCloneAppTests" */ = {
			isa = XCConfigurationList;
			buildConfigurations = (
				A8AEF01C2CE4858E00A3557D /* Debug */,
				A8AEF01D2CE4858E00A3557D /* Release */,
			);
			defaultConfigurationIsVisible = 0;
			defaultConfigurationName = Release;
		};
		A8AEF01E2CE4858E00A3557D /* Build configuration list for PBXNativeTarget "InstagramCloneAppUITests" */ = {
			isa = XCConfigurationList;
			buildConfigurations = (
				A8AEF01F2CE4858E00A3557D /* Debug */,
				A8AEF0202CE4858E00A3557D /* Release */,
			);
			defaultConfigurationIsVisible = 0;
			defaultConfigurationName = Release;
		};
/* End XCConfigurationList section */
	};
	rootObject = A8AEEFEC2CE4858C00A3557D /* Project object */;
}
